
Microsoft Visual Studio Solution File, Format Version 12.00
# Visual Studio Version 16
VisualStudioVersion = 16.0.29102.190
MinimumVisualStudioVersion = 10.0.40219.1
Project("{FAE04EC0-301F-11D3-BF4B-00C04F79EFBC}") = "BeeyeApisProxy", "BeeyeApisProxy\BeeyeApisProxy.csproj", "{09DDA5BA-6455-42CD-A8A6-EF26CB5AC133}"
EndProject
Project("{FAE04EC0-301F-11D3-BF4B-00C04F79EFBC}") = "BeeyeApiNet4", "BeeyeApiNet4\BeeyeApiNet4.csproj", "{D4514A02-4F98-42C1-88C4-E2C872AA4DB4}"
EndProject
Project("{FAE04EC0-301F-11D3-BF4B-00C04F79EFBC}") = "HelloBeeye", "HelloBeeye\HelloBeeye.csproj", "{4DA9E17C-086D-46C3-B1BF-F7FC061679EF}"
EndProject
Global
	GlobalSection(SolutionConfigurationPlatforms) = preSolution
		Debug|Any CPU = Debug|Any CPU
		Release|Any CPU = Release|Any CPU
	EndGlobalSection
	GlobalSection(ProjectConfigurationPlatforms) = postSolution
		{09DDA5BA-6455-42CD-A8A6-EF26CB5AC133}.Debug|Any CPU.ActiveCfg = Debug|Any CPU
		{09DDA5BA-6455-42CD-A8A6-EF26CB5AC133}.Debug|Any CPU.Build.0 = Debug|Any CPU
		{09DDA5BA-6455-42CD-A8A6-EF26CB5AC133}.Release|Any CPU.ActiveCfg = Release|Any CPU
		{09DDA5BA-6455-42CD-A8A6-EF26CB5AC133}.Release|Any CPU.Build.0 = Release|Any CPU
		{D4514A02-4F98-42C1-88C4-E2C872AA4DB4}.Debug|Any CPU.ActiveCfg = Debug|Any CPU
		{D4514A02-4F98-42C1-88C4-E2C872AA4DB4}.Debug|Any CPU.Build.0 = Debug|Any CPU
		{D4514A02-4F98-42C1-88C4-E2C872AA4DB4}.Release|Any CPU.ActiveCfg = Release|Any CPU
		{D4514A02-4F98-42C1-88C4-E2C872AA4DB4}.Release|Any CPU.Build.0 = Release|Any CPU
		{4DA9E17C-086D-46C3-B1BF-F7FC061679EF}.Debug|Any CPU.ActiveCfg = Debug|Any CPU
		{4DA9E17C-086D-46C3-B1BF-F7FC061679EF}.Debug|Any CPU.Build.0 = Debug|Any CPU
		{4DA9E17C-086D-46C3-B1BF-F7FC061679EF}.Release|Any CPU.ActiveCfg = Release|Any CPU
		{4DA9E17C-086D-46C3-B1BF-F7FC061679EF}.Release|Any CPU.Build.0 = Release|Any CPU
	EndGlobalSection
	GlobalSection(SolutionProperties) = preSolution
		HideSolutionNode = FALSE
	EndGlobalSection
	GlobalSection(ExtensibilityGlobals) = postSolution
		SolutionGuid = {B1783563-7E7C-4A78-8FCF-61D7ECF5D71A}
	EndGlobalSection
EndGlobal
